{
  "version": 4,
  "terraform_version": "1.5.7",
  "serial": 10,
  "lineage": "26f0b279-a5c6-1228-496e-8d633635191d",
  "outputs": {
    "secret_ids": {
      "value": {
        "EDQ_CDW_EDQEMLRESULTS_TF": "projects/ecomm-services-stage/secrets/EDQ_CDW_EDQEMLRESULTS_TF"
      },
      "type": [
        "object",
        {
          "EDQ_CDW_EDQEMLRESULTS_TF": "string"
        }
      ]
    }
  },
  "resources": [
    {
      "module": "module.secret_manager",
      "mode": "managed",
      "type": "google_secret_manager_secret",
      "name": "this",
      "provider": "provider[\"registry.terraform.io/hashicorp/google\"]",
      "instances": [
        {
          "index_key": "EDQ_CDW_EDQEMLRESULTS_TF",
          "schema_version": 0,
          "attributes": {
            "annotations": null,
            "create_time": "2025-07-17T17:58:11.559425Z",
            "deletion_protection": false,
            "effective_annotations": {},
            "effective_labels": {
              "goog-terraform-provisioned": "true"
            },
            "expire_time": "",
            "id": "projects/ecomm-services-stage/secrets/EDQ_CDW_EDQEMLRESULTS_TF",
            "labels": null,
            "name": "projects/404246319856/secrets/EDQ_CDW_EDQEMLRESULTS_TF",
            "project": "ecomm-services-stage",
            "replication": [
              {
                "auto": [
                  {
                    "customer_managed_encryption": []
                  }
                ],
                "user_managed": []
              }
            ],
            "rotation": [],
            "secret_id": "EDQ_CDW_EDQEMLRESULTS_TF",
            "terraform_labels": {
              "goog-terraform-provisioned": "true"
            },
            "timeouts": null,
            "topics": [],
            "ttl": null,
            "version_aliases": null,
            "version_destroy_ttl": ""
          },
          "sensitive_attributes": [],
          "private": "eyJlMmJmYjczMC1lY2FhLTExZTYtOGY4OC0zNDM2M2JjN2M0YzAiOnsiY3JlYXRlIjoxMjAwMDAwMDAwMDAwLCJkZWxldGUiOjEyMDAwMDAwMDAwMDAsInVwZGF0ZSI6MTIwMDAwMDAwMDAwMH19"
        }
      ]
    },
    {
      "module": "module.secret_manager",
      "mode": "managed",
      "type": "google_secret_manager_secret_version",
      "name": "this",
      "provider": "provider[\"registry.terraform.io/hashicorp/google\"]",
      "instances": [
        {
          "index_key": "EDQ_CDW_EDQEMLRESULTS_TF",
          "schema_version": 0,
          "attributes": {
            "create_time": "2025-07-17T17:58:18.069093Z",
            "deletion_policy": "DELETE",
            "destroy_time": "",
            "enabled": true,
            "id": "projects/404246319856/secrets/EDQ_CDW_EDQEMLRESULTS_TF/versions/1",
            "is_secret_data_base64": false,
            "name": "projects/404246319856/secrets/EDQ_CDW_EDQEMLRESULTS_TF/versions/1",
            "secret": "projects/ecomm-services-stage/secrets/EDQ_CDW_EDQEMLRESULTS_TF",
            "secret_data": "{\"account\":\"belk.east-us-2.azure\",\"database\":\"MARKETINGQA\",\"password\":\"Belk11235!\",\"schema\":\"SYNCHRONYACC\",\"table\":\"EDQ_EML_RESULTS\",\"user\":\"dwqetltal\",\"warehouse\":\"CDWBATCH_WH_QA\"}",
            "secret_data_wo": null,
            "secret_data_wo_version": 0,
            "timeouts": null,
            "version": "1"
          },
          "sensitive_attributes": [],
          "private": "eyJlMmJmYjczMC1lY2FhLTExZTYtOGY4OC0zNDM2M2JjN2M0YzAiOnsiY3JlYXRlIjoxMjAwMDAwMDAwMDAwLCJkZWxldGUiOjEyMDAwMDAwMDAwMDAsInVwZGF0ZSI6MTIwMDAwMDAwMDAwMH19",
          "dependencies": [
            "module.secret_manager.google_secret_manager_secret.this"
          ]
        }
      ]
    }
  ],
  "check_results": null
}
