{
  "version": 4,
  "terraform_version": "1.5.7",
  "serial": 7,
  "lineage": "26f0b279-a5c6-1228-496e-8d633635191d",
  "outputs": {
    "secret_ids": {
      "value": {
        "SF_MKTDEV_password": "projects/ecomm-services-stage/secrets/SF_MKTDEV_password",
        "SF_MKTDEV_username": "projects/ecomm-services-stage/secrets/SF_MKTDEV_username"
      },
      "type": [
        "object",
        {
          "SF_MKTDEV_password": "string",
          "SF_MKTDEV_username": "string"
        }
      ]
    }
  },
  "resources": [
    {
      "module": "module.secret_manager",
      "mode": "managed",
      "type": "google_secret_manager_secret",
      "name": "this",
      "provider": "provider[\"registry.terraform.io/hashicorp/google\"]",
      "instances": [
        {
          "index_key": "SF_MKTDEV_password",
          "schema_version": 0,
          "attributes": {
            "annotations": null,
            "create_time": "2025-07-17T16:34:25.789157Z",
            "deletion_protection": false,
            "effective_annotations": {},
            "effective_labels": {
              "goog-terraform-provisioned": "true"
            },
            "expire_time": "",
            "id": "projects/ecomm-services-stage/secrets/SF_MKTDEV_password",
            "labels": null,
            "name": "projects/404246319856/secrets/SF_MKTDEV_password",
            "project": "ecomm-services-stage",
            "replication": [
              {
                "auto": [
                  {
                    "customer_managed_encryption": []
                  }
                ],
                "user_managed": []
              }
            ],
            "rotation": [],
            "secret_id": "SF_MKTDEV_password",
            "terraform_labels": {
              "goog-terraform-provisioned": "true"
            },
            "timeouts": null,
            "topics": [],
            "ttl": null,
            "version_aliases": null,
            "version_destroy_ttl": ""
          },
          "sensitive_attributes": [],
          "private": "eyJlMmJmYjczMC1lY2FhLTExZTYtOGY4OC0zNDM2M2JjN2M0YzAiOnsiY3JlYXRlIjoxMjAwMDAwMDAwMDAwLCJkZWxldGUiOjEyMDAwMDAwMDAwMDAsInVwZGF0ZSI6MTIwMDAwMDAwMDAwMH19"
        },
        {
          "index_key": "SF_MKTDEV_username",
          "schema_version": 0,
          "attributes": {
            "annotations": null,
            "create_time": "2025-07-17T16:34:25.735343Z",
            "deletion_protection": false,
            "effective_annotations": {},
            "effective_labels": {
              "goog-terraform-provisioned": "true"
            },
            "expire_time": "",
            "id": "projects/ecomm-services-stage/secrets/SF_MKTDEV_username",
            "labels": null,
            "name": "projects/404246319856/secrets/SF_MKTDEV_username",
            "project": "ecomm-services-stage",
            "replication": [
              {
                "auto": [
                  {
                    "customer_managed_encryption": []
                  }
                ],
                "user_managed": []
              }
            ],
            "rotation": [],
            "secret_id": "SF_MKTDEV_username",
            "terraform_labels": {
              "goog-terraform-provisioned": "true"
            },
            "timeouts": null,
            "topics": [],
            "ttl": null,
            "version_aliases": null,
            "version_destroy_ttl": ""
          },
          "sensitive_attributes": [],
          "private": "eyJlMmJmYjczMC1lY2FhLTExZTYtOGY4OC0zNDM2M2JjN2M0YzAiOnsiY3JlYXRlIjoxMjAwMDAwMDAwMDAwLCJkZWxldGUiOjEyMDAwMDAwMDAwMDAsInVwZGF0ZSI6MTIwMDAwMDAwMDAwMH19"
        }
      ]
    },
    {
      "module": "module.secret_manager",
      "mode": "managed",
      "type": "google_secret_manager_secret_version",
      "name": "this",
      "provider": "provider[\"registry.terraform.io/hashicorp/google\"]",
      "instances": [
        {
          "index_key": "SF_MKTDEV_password",
          "schema_version": 0,
          "attributes": {
            "create_time": "2025-07-17T16:34:36.144501Z",
            "deletion_policy": "DELETE",
            "destroy_time": "",
            "enabled": true,
            "id": "projects/404246319856/secrets/SF_MKTDEV_password/versions/1",
            "is_secret_data_base64": false,
            "name": "projects/404246319856/secrets/SF_MKTDEV_password/versions/1",
            "secret": "projects/ecomm-services-stage/secrets/SF_MKTDEV_password",
            "secret_data": "Belk11235!",
            "secret_data_wo": null,
            "secret_data_wo_version": 0,
            "timeouts": null,
            "version": "1"
          },
          "sensitive_attributes": [],
          "private": "eyJlMmJmYjczMC1lY2FhLTExZTYtOGY4OC0zNDM2M2JjN2M0YzAiOnsiY3JlYXRlIjoxMjAwMDAwMDAwMDAwLCJkZWxldGUiOjEyMDAwMDAwMDAwMDAsInVwZGF0ZSI6MTIwMDAwMDAwMDAwMH19",
          "dependencies": [
            "module.secret_manager.google_secret_manager_secret.this"
          ]
        },
        {
          "index_key": "SF_MKTDEV_username",
          "schema_version": 0,
          "attributes": {
            "create_time": "2025-07-17T16:34:34.410315Z",
            "deletion_policy": "DELETE",
            "destroy_time": "",
            "enabled": true,
            "id": "projects/404246319856/secrets/SF_MKTDEV_username/versions/1",
            "is_secret_data_base64": false,
            "name": "projects/404246319856/secrets/SF_MKTDEV_username/versions/1",
            "secret": "projects/ecomm-services-stage/secrets/SF_MKTDEV_username",
            "secret_data": "dwqetltal",
            "secret_data_wo": null,
            "secret_data_wo_version": 0,
            "timeouts": null,
            "version": "1"
          },
          "sensitive_attributes": [],
          "private": "eyJlMmJmYjczMC1lY2FhLTExZTYtOGY4OC0zNDM2M2JjN2M0YzAiOnsiY3JlYXRlIjoxMjAwMDAwMDAwMDAwLCJkZWxldGUiOjEyMDAwMDAwMDAwMDAsInVwZGF0ZSI6MTIwMDAwMDAwMDAwMH19",
          "dependencies": [
            "module.secret_manager.google_secret_manager_secret.this"
          ]
        }
      ]
    }
  ],
  "check_results": null
}
